// !$*UTF8*$!
{
	archiveVersion = 1;
	classes = {
	};
	objectVersion = 56;
	objects = {

/* Begin PBXBuildFile section */
		7BE31B6D2BC307FC00D1EDE6 /* AppDelegate.swift in Sources */ = {isa = PBXBuildFile; fileRef = 7BE31B6C2BC307FC00D1EDE6 /* AppDelegate.swift */; };
		7BE31B6F2BC307FC00D1EDE6 /* SceneDelegate.swift in Sources */ = {isa = PBXBuildFile; fileRef = 7BE31B6E2BC307FC00D1EDE6 /* SceneDelegate.swift */; };
		7BE31B712BC307FC00D1EDE6 /* ViewController.swift in Sources */ = {isa = PBXBuildFile; fileRef = 7BE31B702BC307FC00D1EDE6 /* ViewController.swift */; };
		7BE31B742BC307FD00D1EDE6 /* Base in Resources */ = {isa = PBXBuildFile; fileRef = 7BE31B732BC307FD00D1EDE6 /* Base */; };
		7BE31B762BC307FF00D1EDE6 /* Assets.xcassets in Resources */ = {isa = PBXBuildFile; fileRef = 7BE31B752BC307FF00D1EDE6 /* Assets.xcassets */; };
		7BE31B792BC307FF00D1EDE6 /* Base in Resources */ = {isa = PBXBuildFile; fileRef = 7BE31B782BC307FF00D1EDE6 /* Base */; };
		7BE31B822BC3081E00D1EDE6 /* RxCocoa in Frameworks */ = {isa = PBXBuildFile; productRef = 7BE31B812BC3081E00D1EDE6 /* RxCocoa */; };
		7BE31B842BC3081E00D1EDE6 /* RxSwift in Frameworks */ = {isa = PBXBuildFile; productRef = 7BE31B832BC3081E00D1EDE6 /* RxSwift */; };
		7BE31B872BC3082B00D1EDE6 /* SnapKit in Frameworks */ = {isa = PBXBuildFile; productRef = 7BE31B862BC3082B00D1EDE6 /* SnapKit */; };
		7BE31B8D2BC3090800D1EDE6 /* SearchViewController.swift in Sources */ = {isa = PBXBuildFile; fileRef = 7BE31B8C2BC3090800D1EDE6 /* SearchViewController.swift */; };
		7BE31B8F2BC3091C00D1EDE6 /* SearchView.swift in Sources */ = {isa = PBXBuildFile; fileRef = 7BE31B8E2BC3091C00D1EDE6 /* SearchView.swift */; };
		7BE31B922BC3092D00D1EDE6 /* BaseView.swift in Sources */ = {isa = PBXBuildFile; fileRef = 7BE31B912BC3092D00D1EDE6 /* BaseView.swift */; };
		7BE31B942BC30BFF00D1EDE6 /* SearchTableViewCell.swift in Sources */ = {isa = PBXBuildFile; fileRef = 7BE31B932BC30BFF00D1EDE6 /* SearchTableViewCell.swift */; };
		7BE31B982BC30C8800D1EDE6 /* SearchViewModel.swift in Sources */ = {isa = PBXBuildFile; fileRef = 7BE31B972BC30C8800D1EDE6 /* SearchViewModel.swift */; };
		7BE31B9C2BC30D0B00D1EDE6 /* DetailViewController.swift in Sources */ = {isa = PBXBuildFile; fileRef = 7BE31B9B2BC30D0B00D1EDE6 /* DetailViewController.swift */; };
		7BE31B9E2BC30D1E00D1EDE6 /* DetailView.swift in Sources */ = {isa = PBXBuildFile; fileRef = 7BE31B9D2BC30D1E00D1EDE6 /* DetailView.swift */; };
		7BE31BA02BC30D6000D1EDE6 /* BaseViewController.swift in Sources */ = {isa = PBXBuildFile; fileRef = 7BE31B9F2BC30D6000D1EDE6 /* BaseViewController.swift */; };
		7BE31BA42BC30E1A00D1EDE6 /* DetailViewModel.swift in Sources */ = {isa = PBXBuildFile; fileRef = 7BE31BA32BC30E1A00D1EDE6 /* DetailViewModel.swift */; };
		7BE31BA62BC3104B00D1EDE6 /* Network.swift in Sources */ = {isa = PBXBuildFile; fileRef = 7BE31BA52BC3104B00D1EDE6 /* Network.swift */; };
		7BE31BA82BC313FF00D1EDE6 /* SearchModel.swift in Sources */ = {isa = PBXBuildFile; fileRef = 7BE31BA72BC313FE00D1EDE6 /* SearchModel.swift */; };
		7BE31BAE2BC31B4B00D1EDE6 /* Kingfisher in Frameworks */ = {isa = PBXBuildFile; productRef = 7BE31BAD2BC31B4B00D1EDE6 /* Kingfisher */; };
		7BE31BB12BC3258100D1EDE6 /* Then in Frameworks */ = {isa = PBXBuildFile; productRef = 7BE31BB02BC3258100D1EDE6 /* Then */; };
/* End PBXBuildFile section */

/* Begin PBXFileReference section */
		7BE31B692BC307FC00D1EDE6 /* iTunesStore.app */ = {isa = PBXFileReference; explicitFileType = wrapper.application; includeInIndex = 0; path = iTunesStore.app; sourceTree = BUILT_PRODUCTS_DIR; };
		7BE31B6C2BC307FC00D1EDE6 /* AppDelegate.swift */ = {isa = PBXFileReference; lastKnownFileType = sourcecode.swift; path = AppDelegate.swift; sourceTree = "<group>"; };
		7BE31B6E2BC307FC00D1EDE6 /* SceneDelegate.swift */ = {isa = PBXFileReference; lastKnownFileType = sourcecode.swift; path = SceneDelegate.swift; sourceTree = "<group>"; };
		7BE31B702BC307FC00D1EDE6 /* ViewController.swift */ = {isa = PBXFileReference; lastKnownFileType = sourcecode.swift; path = ViewController.swift; sourceTree = "<group>"; };
		7BE31B732BC307FD00D1EDE6 /* Base */ = {isa = PBXFileReference; lastKnownFileType = file.storyboard; name = Base; path = Base.lproj/Main.storyboard; sourceTree = "<group>"; };
		7BE31B752BC307FF00D1EDE6 /* Assets.xcassets */ = {isa = PBXFileReference; lastKnownFileType = folder.assetcatalog; path = Assets.xcassets; sourceTree = "<group>"; };
		7BE31B782BC307FF00D1EDE6 /* Base */ = {isa = PBXFileReference; lastKnownFileType = file.storyboard; name = Base; path = Base.lproj/LaunchScreen.storyboard; sourceTree = "<group>"; };
		7BE31B7A2BC307FF00D1EDE6 /* Info.plist */ = {isa = PBXFileReference; lastKnownFileType = text.plist.xml; path = Info.plist; sourceTree = "<group>"; };
		7BE31B8C2BC3090800D1EDE6 /* SearchViewController.swift */ = {isa = PBXFileReference; lastKnownFileType = sourcecode.swift; path = SearchViewController.swift; sourceTree = "<group>"; };
		7BE31B8E2BC3091C00D1EDE6 /* SearchView.swift */ = {isa = PBXFileReference; lastKnownFileType = sourcecode.swift; path = SearchView.swift; sourceTree = "<group>"; };
		7BE31B912BC3092D00D1EDE6 /* BaseView.swift */ = {isa = PBXFileReference; lastKnownFileType = sourcecode.swift; path = BaseView.swift; sourceTree = "<group>"; };
		7BE31B932BC30BFF00D1EDE6 /* SearchTableViewCell.swift */ = {isa = PBXFileReference; lastKnownFileType = sourcecode.swift; path = SearchTableViewCell.swift; sourceTree = "<group>"; };
		7BE31B972BC30C8800D1EDE6 /* SearchViewModel.swift */ = {isa = PBXFileReference; lastKnownFileType = sourcecode.swift; path = SearchViewModel.swift; sourceTree = "<group>"; };
		7BE31B9B2BC30D0B00D1EDE6 /* DetailViewController.swift */ = {isa = PBXFileReference; lastKnownFileType = sourcecode.swift; path = DetailViewController.swift; sourceTree = "<group>"; };
		7BE31B9D2BC30D1E00D1EDE6 /* DetailView.swift */ = {isa = PBXFileReference; lastKnownFileType = sourcecode.swift; path = DetailView.swift; sourceTree = "<group>"; };
		7BE31B9F2BC30D6000D1EDE6 /* BaseViewController.swift */ = {isa = PBXFileReference; lastKnownFileType = sourcecode.swift; path = BaseViewController.swift; sourceTree = "<group>"; };
		7BE31BA32BC30E1A00D1EDE6 /* DetailViewModel.swift */ = {isa = PBXFileReference; lastKnownFileType = sourcecode.swift; path = DetailViewModel.swift; sourceTree = "<group>"; };
		7BE31BA52BC3104B00D1EDE6 /* Network.swift */ = {isa = PBXFileReference; lastKnownFileType = sourcecode.swift; path = Network.swift; sourceTree = "<group>"; };
		7BE31BA72BC313FE00D1EDE6 /* SearchModel.swift */ = {isa = PBXFileReference; lastKnownFileType = sourcecode.swift; path = SearchModel.swift; sourceTree = "<group>"; };
/* End PBXFileReference section */

/* Begin PBXFrameworksBuildPhase section */
		7BE31B662BC307FC00D1EDE6 /* Frameworks */ = {
			isa = PBXFrameworksBuildPhase;
			buildActionMask = 2147483647;
			files = (
				7BE31BB12BC3258100D1EDE6 /* Then in Frameworks */,
				7BE31BAE2BC31B4B00D1EDE6 /* Kingfisher in Frameworks */,
				7BE31B872BC3082B00D1EDE6 /* SnapKit in Frameworks */,
				7BE31B842BC3081E00D1EDE6 /* RxSwift in Frameworks */,
				7BE31B822BC3081E00D1EDE6 /* RxCocoa in Frameworks */,
			);
			runOnlyForDeploymentPostprocessing = 0;
		};
/* End PBXFrameworksBuildPhase section */

/* Begin PBXGroup section */
		7BE31B602BC307FC00D1EDE6 = {
			isa = PBXGroup;
			children = (
				7BE31B6B2BC307FC00D1EDE6 /* iTunesStore */,
				7BE31B6A2BC307FC00D1EDE6 /* Products */,
			);
			sourceTree = "<group>";
		};
		7BE31B6A2BC307FC00D1EDE6 /* Products */ = {
			isa = PBXGroup;
			children = (
				7BE31B692BC307FC00D1EDE6 /* iTunesStore.app */,
			);
			name = Products;
			sourceTree = "<group>";
		};
		7BE31B6B2BC307FC00D1EDE6 /* iTunesStore */ = {
			isa = PBXGroup;
			children = (
				7BE31BB22BC3374200D1EDE6 /* Repository */,
				7BE31B952BC30C6B00D1EDE6 /* Network */,
				7BE31B8B2BC3089900D1EDE6 /* Model */,
				7BE31B8A2BC3089400D1EDE6 /* ViewModel */,
				7BE31B892BC3088800D1EDE6 /* View */,
				7BE31B6C2BC307FC00D1EDE6 /* AppDelegate.swift */,
				7BE31B6E2BC307FC00D1EDE6 /* SceneDelegate.swift */,
				7BE31B702BC307FC00D1EDE6 /* ViewController.swift */,
				7BE31B722BC307FD00D1EDE6 /* Main.storyboard */,
				7BE31B752BC307FF00D1EDE6 /* Assets.xcassets */,
				7BE31B772BC307FF00D1EDE6 /* LaunchScreen.storyboard */,
				7BE31B7A2BC307FF00D1EDE6 /* Info.plist */,
			);
			path = iTunesStore;
			sourceTree = "<group>";
		};
		7BE31B882BC3087B00D1EDE6 /* Search */ = {
			isa = PBXGroup;
			children = (
				7BE31B8C2BC3090800D1EDE6 /* SearchViewController.swift */,
				7BE31B8E2BC3091C00D1EDE6 /* SearchView.swift */,
				7BE31B932BC30BFF00D1EDE6 /* SearchTableViewCell.swift */,
			);
			path = Search;
			sourceTree = "<group>";
		};
		7BE31B892BC3088800D1EDE6 /* View */ = {
			isa = PBXGroup;
			children = (
				7BE31B902BC3092200D1EDE6 /* Base */,
				7BE31B9A2BC30CF300D1EDE6 /* Detail */,
				7BE31B882BC3087B00D1EDE6 /* Search */,
			);
			path = View;
			sourceTree = "<group>";
		};
		7BE31B8A2BC3089400D1EDE6 /* ViewModel */ = {
			isa = PBXGroup;
			children = (
				7BE31BA22BC30E0F00D1EDE6 /* Detail */,
				7BE31B992BC30C8C00D1EDE6 /* Search */,
			);
			path = ViewModel;
			sourceTree = "<group>";
		};
		7BE31B8B2BC3089900D1EDE6 /* Model */ = {
			isa = PBXGroup;
			children = (
				7BE31BA72BC313FE00D1EDE6 /* SearchModel.swift */,
			);
			path = Model;
			sourceTree = "<group>";
		};
		7BE31B902BC3092200D1EDE6 /* Base */ = {
			isa = PBXGroup;
			children = (
				7BE31B912BC3092D00D1EDE6 /* BaseView.swift */,
				7BE31B9F2BC30D6000D1EDE6 /* BaseViewController.swift */,
			);
			path = Base;
			sourceTree = "<group>";
		};
		7BE31B952BC30C6B00D1EDE6 /* Network */ = {
			isa = PBXGroup;
			children = (
				7BE31BA52BC3104B00D1EDE6 /* Network.swift */,
			);
			path = Network;
			sourceTree = "<group>";
		};
		7BE31B992BC30C8C00D1EDE6 /* Search */ = {
			isa = PBXGroup;
			children = (
				7BE31B972BC30C8800D1EDE6 /* SearchViewModel.swift */,
			);
			path = Search;
			sourceTree = "<group>";
		};
		7BE31B9A2BC30CF300D1EDE6 /* Detail */ = {
			isa = PBXGroup;
			children = (
				7BE31B9B2BC30D0B00D1EDE6 /* DetailViewController.swift */,
				7BE31B9D2BC30D1E00D1EDE6 /* DetailView.swift */,
			);
			path = Detail;
			sourceTree = "<group>";
		};
		7BE31BA22BC30E0F00D1EDE6 /* Detail */ = {
			isa = PBXGroup;
			children = (
				7BE31BA32BC30E1A00D1EDE6 /* DetailViewModel.swift */,
			);
			path = Detail;
			sourceTree = "<group>";
		};
		7BE31BB22BC3374200D1EDE6 /* Repository */ = {
			isa = PBXGroup;
			children = (
			);
			path = Repository;
			sourceTree = "<group>";
		};
/* End PBXGroup section */

/* Begin PBXNativeTarget section */
		7BE31B682BC307FC00D1EDE6 /* iTunesStore */ = {
			isa = PBXNativeTarget;
			buildConfigurationList = 7BE31B7D2BC307FF00D1EDE6 /* Build configuration list for PBXNativeTarget "iTunesStore" */;
			buildPhases = (
				7BE31B652BC307FC00D1EDE6 /* Sources */,
				7BE31B662BC307FC00D1EDE6 /* Frameworks */,
				7BE31B672BC307FC00D1EDE6 /* Resources */,
			);
			buildRules = (
			);
			dependencies = (
			);
			name = iTunesStore;
			packageProductDependencies = (
				7BE31B812BC3081E00D1EDE6 /* RxCocoa */,
				7BE31B832BC3081E00D1EDE6 /* RxSwift */,
				7BE31B862BC3082B00D1EDE6 /* SnapKit */,
				7BE31BAD2BC31B4B00D1EDE6 /* Kingfisher */,
				7BE31BB02BC3258100D1EDE6 /* Then */,
			);
			productName = iTunesStore;
			productReference = 7BE31B692BC307FC00D1EDE6 /* iTunesStore.app */;
			productType = "com.apple.product-type.application";
		};
/* End PBXNativeTarget section */

/* Begin PBXProject section */
		7BE31B612BC307FC00D1EDE6 /* Project object */ = {
			isa = PBXProject;
			attributes = {
				BuildIndependentTargetsInParallel = 1;
				LastSwiftUpdateCheck = 1530;
				LastUpgradeCheck = 1530;
				TargetAttributes = {
					7BE31B682BC307FC00D1EDE6 = {
						CreatedOnToolsVersion = 15.3;
					};
				};
			};
			buildConfigurationList = 7BE31B642BC307FC00D1EDE6 /* Build configuration list for PBXProject "iTunesStore" */;
			compatibilityVersion = "Xcode 14.0";
			developmentRegion = en;
			hasScannedForEncodings = 0;
			knownRegions = (
				en,
				Base,
			);
			mainGroup = 7BE31B602BC307FC00D1EDE6;
			packageReferences = (
				7BE31B802BC3081E00D1EDE6 /* XCRemoteSwiftPackageReference "RxSwift" */,
				7BE31B852BC3082B00D1EDE6 /* XCRemoteSwiftPackageReference "SnapKit" */,
				7BE31BAC2BC31B4B00D1EDE6 /* XCRemoteSwiftPackageReference "Kingfisher" */,
				7BE31BAF2BC3258100D1EDE6 /* XCRemoteSwiftPackageReference "Then" */,
			);
			productRefGroup = 7BE31B6A2BC307FC00D1EDE6 /* Products */;
			projectDirPath = "";
			projectRoot = "";
			targets = (
				7BE31B682BC307FC00D1EDE6 /* iTunesStore */,
			);
		};
/* End PBXProject section */

/* Begin PBXResourcesBuildPhase section */
		7BE31B672BC307FC00D1EDE6 /* Resources */ = {
			isa = PBXResourcesBuildPhase;
			buildActionMask = 2147483647;
			files = (
				7BE31B762BC307FF00D1EDE6 /* Assets.xcassets in Resources */,
				7BE31B792BC307FF00D1EDE6 /* Base in Resources */,
				7BE31B742BC307FD00D1EDE6 /* Base in Resources */,
			);
			runOnlyForDeploymentPostprocessing = 0;
		};
/* End PBXResourcesBuildPhase section */

/* Begin PBXSourcesBuildPhase section */
		7BE31B652BC307FC00D1EDE6 /* Sources */ = {
			isa = PBXSourcesBuildPhase;
			buildActionMask = 2147483647;
			files = (
				7BE31B9C2BC30D0B00D1EDE6 /* DetailViewController.swift in Sources */,
				7BE31B8F2BC3091C00D1EDE6 /* SearchView.swift in Sources */,
				7BE31BA02BC30D6000D1EDE6 /* BaseViewController.swift in Sources */,
				7BE31B712BC307FC00D1EDE6 /* ViewController.swift in Sources */,
				7BE31B9E2BC30D1E00D1EDE6 /* DetailView.swift in Sources */,
				7BE31B982BC30C8800D1EDE6 /* SearchViewModel.swift in Sources */,
				7BE31B6D2BC307FC00D1EDE6 /* AppDelegate.swift in Sources */,
				7BE31BA62BC3104B00D1EDE6 /* Network.swift in Sources */,
				7BE31BA42BC30E1A00D1EDE6 /* DetailViewModel.swift in Sources */,
				7BE31B922BC3092D00D1EDE6 /* BaseView.swift in Sources */,
				7BE31B8D2BC3090800D1EDE6 /* SearchViewController.swift in Sources */,
				7BE31BA82BC313FF00D1EDE6 /* SearchModel.swift in Sources */,
				7BE31B6F2BC307FC00D1EDE6 /* SceneDelegate.swift in Sources */,
				7BE31B942BC30BFF00D1EDE6 /* SearchTableViewCell.swift in Sources */,
			);
			runOnlyForDeploymentPostprocessing = 0;
		};
/* End PBXSourcesBuildPhase section */

/* Begin PBXVariantGroup section */
		7BE31B722BC307FD00D1EDE6 /* Main.storyboard */ = {
			isa = PBXVariantGroup;
			children = (
				7BE31B732BC307FD00D1EDE6 /* Base */,
			);
			name = Main.storyboard;
			sourceTree = "<group>";
		};
		7BE31B772BC307FF00D1EDE6 /* LaunchScreen.storyboard */ = {
			isa = PBXVariantGroup;
			children = (
				7BE31B782BC307FF00D1EDE6 /* Base */,
			);
			name = LaunchScreen.storyboard;
			sourceTree = "<group>";
		};
/* End PBXVariantGroup section */

/* Begin XCBuildConfiguration section */
		7BE31B7B2BC307FF00D1EDE6 /* Debug */ = {
			isa = XCBuildConfiguration;
			buildSettings = {
				ALWAYS_SEARCH_USER_PATHS = NO;
				ASSETCATALOG_COMPILER_GENERATE_SWIFT_ASSET_SYMBOL_EXTENSIONS = YES;
				CLANG_ANALYZER_NONNULL = YES;
				CLANG_ANALYZER_NUMBER_OBJECT_CONVERSION = YES_AGGRESSIVE;
				CLANG_CXX_LANGUAGE_STANDARD = "gnu++20";
				CLANG_ENABLE_MODULES = YES;
				CLANG_ENABLE_OBJC_ARC = YES;
				CLANG_ENABLE_OBJC_WEAK = YES;
				CLANG_WARN_BLOCK_CAPTURE_AUTORELEASING = YES;
				CLANG_WARN_BOOL_CONVERSION = YES;
				CLANG_WARN_COMMA = YES;
				CLANG_WARN_CONSTANT_CONVERSION = YES;
				CLANG_WARN_DEPRECATED_OBJC_IMPLEMENTATIONS = YES;
				CLANG_WARN_DIRECT_OBJC_ISA_USAGE = YES_ERROR;
				CLANG_WARN_DOCUMENTATION_COMMENTS = YES;
				CLANG_WARN_EMPTY_BODY = YES;
				CLANG_WARN_ENUM_CONVERSION = YES;
				CLANG_WARN_INFINITE_RECURSION = YES;
				CLANG_WARN_INT_CONVERSION = YES;
				CLANG_WARN_NON_LITERAL_NULL_CONVERSION = YES;
				CLANG_WARN_OBJC_IMPLICIT_RETAIN_SELF = YES;
				CLANG_WARN_OBJC_LITERAL_CONVERSION = YES;
				CLANG_WARN_OBJC_ROOT_CLASS = YES_ERROR;
				CLANG_WARN_QUOTED_INCLUDE_IN_FRAMEWORK_HEADER = YES;
				CLANG_WARN_RANGE_LOOP_ANALYSIS = YES;
				CLANG_WARN_STRICT_PROTOTYPES = YES;
				CLANG_WARN_SUSPICIOUS_MOVE = YES;
				CLANG_WARN_UNGUARDED_AVAILABILITY = YES_AGGRESSIVE;
				CLANG_WARN_UNREACHABLE_CODE = YES;
				CLANG_WARN__DUPLICATE_METHOD_MATCH = YES;
				COPY_PHASE_STRIP = NO;
				DEBUG_INFORMATION_FORMAT = dwarf;
				ENABLE_STRICT_OBJC_MSGSEND = YES;
				ENABLE_TESTABILITY = YES;
				ENABLE_USER_SCRIPT_SANDBOXING = YES;
				GCC_C_LANGUAGE_STANDARD = gnu17;
				GCC_DYNAMIC_NO_PIC = NO;
				GCC_NO_COMMON_BLOCKS = YES;
				GCC_OPTIMIZATION_LEVEL = 0;
				GCC_PREPROCESSOR_DEFINITIONS = (
					"DEBUG=1",
					"$(inherited)",
				);
				GCC_WARN_64_TO_32_BIT_CONVERSION = YES;
				GCC_WARN_ABOUT_RETURN_TYPE = YES_ERROR;
				GCC_WARN_UNDECLARED_SELECTOR = YES;
				GCC_WARN_UNINITIALIZED_AUTOS = YES_AGGRESSIVE;
				GCC_WARN_UNUSED_FUNCTION = YES;
				GCC_WARN_UNUSED_VARIABLE = YES;
				IPHONEOS_DEPLOYMENT_TARGET = 17.4;
				LOCALIZATION_PREFERS_STRING_CATALOGS = YES;
				MTL_ENABLE_DEBUG_INFO = INCLUDE_SOURCE;
				MTL_FAST_MATH = YES;
				ONLY_ACTIVE_ARCH = YES;
				SDKROOT = iphoneos;
				SWIFT_ACTIVE_COMPILATION_CONDITIONS = "DEBUG $(inherited)";
				SWIFT_OPTIMIZATION_LEVEL = "-Onone";
			};
			name = Debug;
		};
		7BE31B7C2BC307FF00D1EDE6 /* Release */ = {
			isa = XCBuildConfiguration;
			buildSettings = {
				ALWAYS_SEARCH_USER_PATHS = NO;
				ASSETCATALOG_COMPILER_GENERATE_SWIFT_ASSET_SYMBOL_EXTENSIONS = YES;
				CLANG_ANALYZER_NONNULL = YES;
				CLANG_ANALYZER_NUMBER_OBJECT_CONVERSION = YES_AGGRESSIVE;
				CLANG_CXX_LANGUAGE_STANDARD = "gnu++20";
				CLANG_ENABLE_MODULES = YES;
				CLANG_ENABLE_OBJC_ARC = YES;
				CLANG_ENABLE_OBJC_WEAK = YES;
				CLANG_WARN_BLOCK_CAPTURE_AUTORELEASING = YES;
				CLANG_WARN_BOOL_CONVERSION = YES;
				CLANG_WARN_COMMA = YES;
				CLANG_WARN_CONSTANT_CONVERSION = YES;
				CLANG_WARN_DEPRECATED_OBJC_IMPLEMENTATIONS = YES;
				CLANG_WARN_DIRECT_OBJC_ISA_USAGE = YES_ERROR;
				CLANG_WARN_DOCUMENTATION_COMMENTS = YES;
				CLANG_WARN_EMPTY_BODY = YES;
				CLANG_WARN_ENUM_CONVERSION = YES;
				CLANG_WARN_INFINITE_RECURSION = YES;
				CLANG_WARN_INT_CONVERSION = YES;
				CLANG_WARN_NON_LITERAL_NULL_CONVERSION = YES;
				CLANG_WARN_OBJC_IMPLICIT_RETAIN_SELF = YES;
				CLANG_WARN_OBJC_LITERAL_CONVERSION = YES;
				CLANG_WARN_OBJC_ROOT_CLASS = YES_ERROR;
				CLANG_WARN_QUOTED_INCLUDE_IN_FRAMEWORK_HEADER = YES;
				CLANG_WARN_RANGE_LOOP_ANALYSIS = YES;
				CLANG_WARN_STRICT_PROTOTYPES = YES;
				CLANG_WARN_SUSPICIOUS_MOVE = YES;
				CLANG_WARN_UNGUARDED_AVAILABILITY = YES_AGGRESSIVE;
				CLANG_WARN_UNREACHABLE_CODE = YES;
				CLANG_WARN__DUPLICATE_METHOD_MATCH = YES;
				COPY_PHASE_STRIP = NO;
				DEBUG_INFORMATION_FORMAT = "dwarf-with-dsym";
				ENABLE_NS_ASSERTIONS = NO;
				ENABLE_STRICT_OBJC_MSGSEND = YES;
				ENABLE_USER_SCRIPT_SANDBOXING = YES;
				GCC_C_LANGUAGE_STANDARD = gnu17;
				GCC_NO_COMMON_BLOCKS = YES;
				GCC_WARN_64_TO_32_BIT_CONVERSION = YES;
				GCC_WARN_ABOUT_RETURN_TYPE = YES_ERROR;
				GCC_WARN_UNDECLARED_SELECTOR = YES;
				GCC_WARN_UNINITIALIZED_AUTOS = YES_AGGRESSIVE;
				GCC_WARN_UNUSED_FUNCTION = YES;
				GCC_WARN_UNUSED_VARIABLE = YES;
				IPHONEOS_DEPLOYMENT_TARGET = 17.4;
				LOCALIZATION_PREFERS_STRING_CATALOGS = YES;
				MTL_ENABLE_DEBUG_INFO = NO;
				MTL_FAST_MATH = YES;
				SDKROOT = iphoneos;
				SWIFT_COMPILATION_MODE = wholemodule;
				VALIDATE_PRODUCT = YES;
			};
			name = Release;
		};
		7BE31B7E2BC307FF00D1EDE6 /* Debug */ = {
			isa = XCBuildConfiguration;
			buildSettings = {
				ASSETCATALOG_COMPILER_APPICON_NAME = AppIcon;
				ASSETCATALOG_COMPILER_GLOBAL_ACCENT_COLOR_NAME = AccentColor;
				CODE_SIGN_STYLE = Automatic;
				CURRENT_PROJECT_VERSION = 1;
				GENERATE_INFOPLIST_FILE = YES;
				INFOPLIST_FILE = iTunesStore/Info.plist;
				INFOPLIST_KEY_UIApplicationSupportsIndirectInputEvents = YES;
				INFOPLIST_KEY_UILaunchStoryboardName = LaunchScreen;
				INFOPLIST_KEY_UIMainStoryboardFile = Main;
				INFOPLIST_KEY_UISupportedInterfaceOrientations_iPad = "UIInterfaceOrientationPortrait UIInterfaceOrientationPortraitUpsideDown UIInterfaceOrientationLandscapeLeft UIInterfaceOrientationLandscapeRight";
				INFOPLIST_KEY_UISupportedInterfaceOrientations_iPhone = "UIInterfaceOrientationPortrait UIInterfaceOrientationLandscapeLeft UIInterfaceOrientationLandscapeRight";
				LD_RUNPATH_SEARCH_PATHS = (
					"$(inherited)",
					"@executable_path/Frameworks",
				);
				MARKETING_VERSION = 1.0;
				PRODUCT_BUNDLE_IDENTIFIER = com.sesac.iTunesStore;
				PRODUCT_NAME = "$(TARGET_NAME)";
				SWIFT_EMIT_LOC_STRINGS = YES;
				SWIFT_VERSION = 5.0;
				TARGETED_DEVICE_FAMILY = "1,2";
			};
			name = Debug;
		};
		7BE31B7F2BC307FF00D1EDE6 /* Release */ = {
			isa = XCBuildConfiguration;
			buildSettings = {
				ASSETCATALOG_COMPILER_APPICON_NAME = AppIcon;
				ASSETCATALOG_COMPILER_GLOBAL_ACCENT_COLOR_NAME = AccentColor;
				CODE_SIGN_STYLE = Automatic;
				CURRENT_PROJECT_VERSION = 1;
				GENERATE_INFOPLIST_FILE = YES;
				INFOPLIST_FILE = iTunesStore/Info.plist;
				INFOPLIST_KEY_UIApplicationSupportsIndirectInputEvents = YES;
				INFOPLIST_KEY_UILaunchStoryboardName = LaunchScreen;
				INFOPLIST_KEY_UIMainStoryboardFile = Main;
				INFOPLIST_KEY_UISupportedInterfaceOrientations_iPad = "UIInterfaceOrientationPortrait UIInterfaceOrientationPortraitUpsideDown UIInterfaceOrientationLandscapeLeft UIInterfaceOrientationLandscapeRight";
				INFOPLIST_KEY_UISupportedInterfaceOrientations_iPhone = "UIInterfaceOrientationPortrait UIInterfaceOrientationLandscapeLeft UIInterfaceOrientationLandscapeRight";
				LD_RUNPATH_SEARCH_PATHS = (
					"$(inherited)",
					"@executable_path/Frameworks",
				);
				MARKETING_VERSION = 1.0;
				PRODUCT_BUNDLE_IDENTIFIER = com.sesac.iTunesStore;
				PRODUCT_NAME = "$(TARGET_NAME)";
				SWIFT_EMIT_LOC_STRINGS = YES;
				SWIFT_VERSION = 5.0;
				TARGETED_DEVICE_FAMILY = "1,2";
			};
			name = Release;
		};
/* End XCBuildConfiguration section */

/* Begin XCConfigurationList section */
		7BE31B642BC307FC00D1EDE6 /* Build configuration list for PBXProject "iTunesStore" */ = {
			isa = XCConfigurationList;
			buildConfigurations = (
				7BE31B7B2BC307FF00D1EDE6 /* Debug */,
				7BE31B7C2BC307FF00D1EDE6 /* Release */,
			);
			defaultConfigurationIsVisible = 0;
			defaultConfigurationName = Release;
		};
		7BE31B7D2BC307FF00D1EDE6 /* Build configuration list for PBXNativeTarget "iTunesStore" */ = {
			isa = XCConfigurationList;
			buildConfigurations = (
				7BE31B7E2BC307FF00D1EDE6 /* Debug */,
				7BE31B7F2BC307FF00D1EDE6 /* Release */,
			);
			defaultConfigurationIsVisible = 0;
			defaultConfigurationName = Release;
		};
/* End XCConfigurationList section */

/* Begin XCRemoteSwiftPackageReference section */
		7BE31B802BC3081E00D1EDE6 /* XCRemoteSwiftPackageReference "RxSwift" */ = {
			isa = XCRemoteSwiftPackageReference;
			repositoryURL = "https://github.com/ReactiveX/RxSwift.git";
			requirement = {
				kind = upToNextMajorVersion;
				minimumVersion = 6.6.0;
			};
		};
		7BE31B852BC3082B00D1EDE6 /* XCRemoteSwiftPackageReference "SnapKit" */ = {
			isa = XCRemoteSwiftPackageReference;
			repositoryURL = "https://github.com/SnapKit/SnapKit.git";
			requirement = {
				kind = upToNextMajorVersion;
				minimumVersion = 5.7.1;
			};
		};
		7BE31BAC2BC31B4B00D1EDE6 /* XCRemoteSwiftPackageReference "Kingfisher" */ = {
			isa = XCRemoteSwiftPackageReference;
			repositoryURL = "https://github.com/onevcat/Kingfisher.git";
			requirement = {
				kind = upToNextMajorVersion;
				minimumVersion = 7.11.0;
			};
		};
		7BE31BAF2BC3258100D1EDE6 /* XCRemoteSwiftPackageReference "Then" */ = {
			isa = XCRemoteSwiftPackageReference;
			repositoryURL = "https://github.com/devxoul/Then.git";
			requirement = {
				kind = upToNextMajorVersion;
				minimumVersion = 3.0.0;
			};
		};
/* End XCRemoteSwiftPackageReference section */

/* Begin XCSwiftPackageProductDependency section */
		7BE31B812BC3081E00D1EDE6 /* RxCocoa */ = {
			isa = XCSwiftPackageProductDependency;
			package = 7BE31B802BC3081E00D1EDE6 /* XCRemoteSwiftPackageReference "RxSwift" */;
			productName = RxCocoa;
		};
		7BE31B832BC3081E00D1EDE6 /* RxSwift */ = {
			isa = XCSwiftPackageProductDependency;
			package = 7BE31B802BC3081E00D1EDE6 /* XCRemoteSwiftPackageReference "RxSwift" */;
			productName = RxSwift;
		};
		7BE31B862BC3082B00D1EDE6 /* SnapKit */ = {
			isa = XCSwiftPackageProductDependency;
			package = 7BE31B852BC3082B00D1EDE6 /* XCRemoteSwiftPackageReference "SnapKit" */;
			productName = SnapKit;
		};
		7BE31BAD2BC31B4B00D1EDE6 /* Kingfisher */ = {
			isa = XCSwiftPackageProductDependency;
			package = 7BE31BAC2BC31B4B00D1EDE6 /* XCRemoteSwiftPackageReference "Kingfisher" */;
			productName = Kingfisher;
		};
		7BE31BB02BC3258100D1EDE6 /* Then */ = {
			isa = XCSwiftPackageProductDependency;
			package = 7BE31BAF2BC3258100D1EDE6 /* XCRemoteSwiftPackageReference "Then" */;
			productName = Then;
		};
/* End XCSwiftPackageProductDependency section */
	};
	rootObject = 7BE31B612BC307FC00D1EDE6 /* Project object */;
}
